
Microsoft Visual Studio Solution File, Format Version 12.00
# Visual Studio Version 16
VisualStudioVersion = 16.0.29721.120
MinimumVisualStudioVersion = 10.0.40219.1
Project("{9A19103F-16F7-4668-BE54-9A1E7A4F7556}") = "JuniorAssign.Api", "JuniorAssign.Api\JuniorAssign.Api.csproj", "{B5482012-8F76-4EA8-B1B1-9F8AB2000E7A}"
EndProject
Project("{9A19103F-16F7-4668-BE54-9A1E7A4F7556}") = "JuniorAssign.Data", "JuniorAssign.Data\JuniorAssign.Data.csproj", "{A356A85E-2309-4B82-95E1-F38350CAF861}"
EndProject
Project("{9A19103F-16F7-4668-BE54-9A1E7A4F7556}") = "JuniorAssign.Services", "JuniorAssign.Services\JuniorAssign.Services.csproj", "{46859DB7-EE7F-4FC2-A327-1AEE98C70B33}"
EndProject
Project("{FAE04EC0-301F-11D3-BF4B-00C04F79EFBC}") = "JuniorAssign.Web", "JuniorAssign.Web\JuniorAssign.Web.csproj", "{AC6B5AFA-EF11-4C41-B351-48243583837B}"
EndProject
Global
	GlobalSection(SolutionConfigurationPlatforms) = preSolution
		Debug|Any CPU = Debug|Any CPU
		Release|Any CPU = Release|Any CPU
	EndGlobalSection
	GlobalSection(ProjectConfigurationPlatforms) = postSolution
		{B5482012-8F76-4EA8-B1B1-9F8AB2000E7A}.Debug|Any CPU.ActiveCfg = Debug|Any CPU
		{B5482012-8F76-4EA8-B1B1-9F8AB2000E7A}.Debug|Any CPU.Build.0 = Debug|Any CPU
		{B5482012-8F76-4EA8-B1B1-9F8AB2000E7A}.Release|Any CPU.ActiveCfg = Release|Any CPU
		{B5482012-8F76-4EA8-B1B1-9F8AB2000E7A}.Release|Any CPU.Build.0 = Release|Any CPU
		{A356A85E-2309-4B82-95E1-F38350CAF861}.Debug|Any CPU.ActiveCfg = Debug|Any CPU
		{A356A85E-2309-4B82-95E1-F38350CAF861}.Debug|Any CPU.Build.0 = Debug|Any CPU
		{A356A85E-2309-4B82-95E1-F38350CAF861}.Release|Any CPU.ActiveCfg = Release|Any CPU
		{A356A85E-2309-4B82-95E1-F38350CAF861}.Release|Any CPU.Build.0 = Release|Any CPU
		{46859DB7-EE7F-4FC2-A327-1AEE98C70B33}.Debug|Any CPU.ActiveCfg = Debug|Any CPU
		{46859DB7-EE7F-4FC2-A327-1AEE98C70B33}.Debug|Any CPU.Build.0 = Debug|Any CPU
		{46859DB7-EE7F-4FC2-A327-1AEE98C70B33}.Release|Any CPU.ActiveCfg = Release|Any CPU
		{46859DB7-EE7F-4FC2-A327-1AEE98C70B33}.Release|Any CPU.Build.0 = Release|Any CPU
		{AC6B5AFA-EF11-4C41-B351-48243583837B}.Debug|Any CPU.ActiveCfg = Debug|Any CPU
		{AC6B5AFA-EF11-4C41-B351-48243583837B}.Debug|Any CPU.Build.0 = Debug|Any CPU
		{AC6B5AFA-EF11-4C41-B351-48243583837B}.Release|Any CPU.ActiveCfg = Release|Any CPU
		{AC6B5AFA-EF11-4C41-B351-48243583837B}.Release|Any CPU.Build.0 = Release|Any CPU
	EndGlobalSection
	GlobalSection(SolutionProperties) = preSolution
		HideSolutionNode = FALSE
	EndGlobalSection
	GlobalSection(ExtensibilityGlobals) = postSolution
		SolutionGuid = {8E6B25E8-552C-4033-B370-55DA87D70093}
	EndGlobalSection
EndGlobal
